
Microsoft Visual Studio Solution File, Format Version 12.00
# Visual Studio 15
VisualStudioVersion = 15.0.28010.2003
MinimumVisualStudioVersion = 10.0.40219.1
Project("{FAE04EC0-301F-11D3-BF4B-00C04F79EFBC}") = "TransponderReceiverUser", "TransponderReceiverUser\TransponderReceiverUser.csproj", "{AD9E07F6-3D14-47C9-955E-FF20C7FE5433}"
EndProject
Project("{FAE04EC0-301F-11D3-BF4B-00C04F79EFBC}") = "TransponderReceiverUser.Test.Unit", "TransponderReceiverUser.Test.Unit\TransponderReceiverUser.Test.Unit.csproj", "{3F42207F-5BB8-4BB5-9E68-4821FCC4B176}"
EndProject
Project("{FAE04EC0-301F-11D3-BF4B-00C04F79EFBC}") = "TransponderReceiverApplication", "TransponderReceiverApplication\TransponderReceiverApplication.csproj", "{5BF5A5A7-E181-4321-A362-D16F4849586A}"
EndProject
Global
	GlobalSection(SolutionConfigurationPlatforms) = preSolution
		Debug|Any CPU = Debug|Any CPU
		Release|Any CPU = Release|Any CPU
	EndGlobalSection
	GlobalSection(ProjectConfigurationPlatforms) = postSolution
		{AD9E07F6-3D14-47C9-955E-FF20C7FE5433}.Debug|Any CPU.ActiveCfg = Debug|Any CPU
		{AD9E07F6-3D14-47C9-955E-FF20C7FE5433}.Debug|Any CPU.Build.0 = Debug|Any CPU
		{AD9E07F6-3D14-47C9-955E-FF20C7FE5433}.Release|Any CPU.ActiveCfg = Release|Any CPU
		{AD9E07F6-3D14-47C9-955E-FF20C7FE5433}.Release|Any CPU.Build.0 = Release|Any CPU
		{3F42207F-5BB8-4BB5-9E68-4821FCC4B176}.Debug|Any CPU.ActiveCfg = Debug|Any CPU
		{3F42207F-5BB8-4BB5-9E68-4821FCC4B176}.Debug|Any CPU.Build.0 = Debug|Any CPU
		{3F42207F-5BB8-4BB5-9E68-4821FCC4B176}.Release|Any CPU.ActiveCfg = Release|Any CPU
		{3F42207F-5BB8-4BB5-9E68-4821FCC4B176}.Release|Any CPU.Build.0 = Release|Any CPU
		{5BF5A5A7-E181-4321-A362-D16F4849586A}.Debug|Any CPU.ActiveCfg = Debug|Any CPU
		{5BF5A5A7-E181-4321-A362-D16F4849586A}.Debug|Any CPU.Build.0 = Debug|Any CPU
		{5BF5A5A7-E181-4321-A362-D16F4849586A}.Release|Any CPU.ActiveCfg = Release|Any CPU
		{5BF5A5A7-E181-4321-A362-D16F4849586A}.Release|Any CPU.Build.0 = Release|Any CPU
	EndGlobalSection
	GlobalSection(SolutionProperties) = preSolution
		HideSolutionNode = FALSE
	EndGlobalSection
	GlobalSection(ExtensibilityGlobals) = postSolution
		SolutionGuid = {E1E3A2BB-36E7-4C16-AD38-7C49CC5CD24D}
	EndGlobalSection
EndGlobal
