
Microsoft Visual Studio Solution File, Format Version 12.00
# Visual Studio 15
VisualStudioVersion = 15.0.28307.489
MinimumVisualStudioVersion = 10.0.40219.1
Project("{FAE04EC0-301F-11D3-BF4B-00C04F79EFBC}") = "Monitor", "Monitor\Monitor.csproj", "{4CAB7260-40C7-49E5-B14A-78BB56125AFF}"
EndProject
Project("{FAE04EC0-301F-11D3-BF4B-00C04F79EFBC}") = "TransponderReceiverLib", "TransponderReceiver\TransponderReceiverLib.csproj", "{598989AC-3E67-409C-A5BA-74EF68EAF077}"
EndProject
Project("{FAE04EC0-301F-11D3-BF4B-00C04F79EFBC}") = "TransponderReceiver.Test", "TransponderReceiver.Test\TransponderReceiver.Test.csproj", "{12A6E6CC-F0D5-4596-BD44-20F3B68C1568}"
EndProject
Global
	GlobalSection(SolutionConfigurationPlatforms) = preSolution
		Debug|Any CPU = Debug|Any CPU
		Release|Any CPU = Release|Any CPU
	EndGlobalSection
	GlobalSection(ProjectConfigurationPlatforms) = postSolution
		{4CAB7260-40C7-49E5-B14A-78BB56125AFF}.Debug|Any CPU.ActiveCfg = Debug|Any CPU
		{4CAB7260-40C7-49E5-B14A-78BB56125AFF}.Debug|Any CPU.Build.0 = Debug|Any CPU
		{4CAB7260-40C7-49E5-B14A-78BB56125AFF}.Release|Any CPU.ActiveCfg = Release|Any CPU
		{4CAB7260-40C7-49E5-B14A-78BB56125AFF}.Release|Any CPU.Build.0 = Release|Any CPU
		{598989AC-3E67-409C-A5BA-74EF68EAF077}.Debug|Any CPU.ActiveCfg = Debug|Any CPU
		{598989AC-3E67-409C-A5BA-74EF68EAF077}.Debug|Any CPU.Build.0 = Debug|Any CPU
		{598989AC-3E67-409C-A5BA-74EF68EAF077}.Release|Any CPU.ActiveCfg = Release|Any CPU
		{598989AC-3E67-409C-A5BA-74EF68EAF077}.Release|Any CPU.Build.0 = Release|Any CPU
		{12A6E6CC-F0D5-4596-BD44-20F3B68C1568}.Debug|Any CPU.ActiveCfg = Debug|Any CPU
		{12A6E6CC-F0D5-4596-BD44-20F3B68C1568}.Debug|Any CPU.Build.0 = Debug|Any CPU
		{12A6E6CC-F0D5-4596-BD44-20F3B68C1568}.Release|Any CPU.ActiveCfg = Release|Any CPU
		{12A6E6CC-F0D5-4596-BD44-20F3B68C1568}.Release|Any CPU.Build.0 = Release|Any CPU
	EndGlobalSection
	GlobalSection(SolutionProperties) = preSolution
		HideSolutionNode = FALSE
	EndGlobalSection
	GlobalSection(ExtensibilityGlobals) = postSolution
		SolutionGuid = {7B8C9445-4E1B-4418-B10C-8D30A2E51A4D}
	EndGlobalSection
EndGlobal
